
Microsoft Visual Studio Solution File, Format Version 12.00
# Visual Studio Version 16
VisualStudioVersion = 16.0.31321.278
MinimumVisualStudioVersion = 10.0.40219.1
Project("{FAE04EC0-301F-11D3-BF4B-00C04F79EFBC}") = "StreamServer", "StreamServer.csproj", "{0E7AC865-DE8D-49E2-9041-DBFB81CFB2D3}"
EndProject
Global
	GlobalSection(SolutionConfigurationPlatforms) = preSolution
		Debug|Any CPU = Debug|Any CPU
		Release|Any CPU = Release|Any CPU
	EndGlobalSection
	GlobalSection(ProjectConfigurationPlatforms) = postSolution
		{0E7AC865-DE8D-49E2-9041-DBFB81CFB2D3}.Debug|Any CPU.ActiveCfg = Debug|Any CPU
		{0E7AC865-DE8D-49E2-9041-DBFB81CFB2D3}.Debug|Any CPU.Build.0 = Debug|Any CPU
		{0E7AC865-DE8D-49E2-9041-DBFB81CFB2D3}.Release|Any CPU.ActiveCfg = Release|Any CPU
		{0E7AC865-DE8D-49E2-9041-DBFB81CFB2D3}.Release|Any CPU.Build.0 = Release|Any CPU
	EndGlobalSection
	GlobalSection(SolutionProperties) = preSolution
		HideSolutionNode = FALSE
	EndGlobalSection
	GlobalSection(ExtensibilityGlobals) = postSolution
		SolutionGuid = {23B97F45-84FF-46C9-9BD3-5C6A59E216B7}
	EndGlobalSection
EndGlobal
